
Microsoft Visual Studio Solution File, Format Version 12.00
# Visual Studio Version 17
VisualStudioVersion = 17.0.31903.59
MinimumVisualStudioVersion = 10.0.40219.1
Project("{FAE04EC0-301F-11D3-BF4B-00C04F79EFBC}") = "BasicMath", "BasicMath\BasicMath.csproj", "{2B5C4DDD-F813-4E8E-93B2-DC4E9733CBE9}"
EndProject
Project("{FAE04EC0-301F-11D3-BF4B-00C04F79EFBC}") = "BasicMathTests", "BasicMathTests\BasicMathTests.csproj", "{12CA687E-F930-4AAE-807C-10DA4565D8A8}"
EndProject
Project("{FAE04EC0-301F-11D3-BF4B-00C04F79EFBC}") = "CalculatorApp", "CalculatorApp\CalculatorApp.csproj", "{15F883A3-8312-4B6F-A8F1-FE580A21882B}"
EndProject
Project("{FAE04EC0-301F-11D3-BF4B-00C04F79EFBC}") = "CalculatorAppTests", "CalculatorAppTests\CalculatorAppTests.csproj", "{DEB43F1F-D1B2-4D73-9FA6-E2599F935FA4}"
EndProject
Project("{FAE04EC0-301F-11D3-BF4B-00C04F79EFBC}") = "BankAccountApp", "BankAccountApp\BankAccountApp.csproj", "{38C1F87E-8FB4-4400-ABE6-49FCFB8ADBF8}"
EndProject
Project("{FAE04EC0-301F-11D3-BF4B-00C04F79EFBC}") = "BankAccountTests", "BankAccountTests\BankAccountTests.csproj", "{E9AF6CFE-E0CB-4ED5-9610-FB20C63EAF53}"
EndProject
Project("{FAE04EC0-301F-11D3-BF4B-00C04F79EFBC}") = "LoginAutomation", "LoginAutomation\LoginAutomation.csproj", "{D1D9815E-B6C7-4F8D-B6B9-3D425D697F33}"
EndProject
Project("{FAE04EC0-301F-11D3-BF4B-00C04F79EFBC}") = "DockerRazorApp", "DockerRazorApp\DockerRazorApp.csproj", "{142CFE01-603D-4137-A08D-2FCF605E3E06}"
EndProject
Project("{FAE04EC0-301F-11D3-BF4B-00C04F79EFBC}") = "DockerMvcApp", "DockerMvcApp\DockerMvcApp.csproj", "{FCE75C81-E73F-422D-A98A-537F1043503C}"
EndProject
Global
	GlobalSection(SolutionConfigurationPlatforms) = preSolution
		Debug|Any CPU = Debug|Any CPU
		Debug|x64 = Debug|x64
		Debug|x86 = Debug|x86
		Release|Any CPU = Release|Any CPU
		Release|x64 = Release|x64
		Release|x86 = Release|x86
	EndGlobalSection
	GlobalSection(ProjectConfigurationPlatforms) = postSolution
		{2B5C4DDD-F813-4E8E-93B2-DC4E9733CBE9}.Debug|Any CPU.ActiveCfg = Debug|Any CPU
		{2B5C4DDD-F813-4E8E-93B2-DC4E9733CBE9}.Debug|Any CPU.Build.0 = Debug|Any CPU
		{2B5C4DDD-F813-4E8E-93B2-DC4E9733CBE9}.Debug|x64.ActiveCfg = Debug|Any CPU
		{2B5C4DDD-F813-4E8E-93B2-DC4E9733CBE9}.Debug|x64.Build.0 = Debug|Any CPU
		{2B5C4DDD-F813-4E8E-93B2-DC4E9733CBE9}.Debug|x86.ActiveCfg = Debug|Any CPU
		{2B5C4DDD-F813-4E8E-93B2-DC4E9733CBE9}.Debug|x86.Build.0 = Debug|Any CPU
		{2B5C4DDD-F813-4E8E-93B2-DC4E9733CBE9}.Release|Any CPU.ActiveCfg = Release|Any CPU
		{2B5C4DDD-F813-4E8E-93B2-DC4E9733CBE9}.Release|Any CPU.Build.0 = Release|Any CPU
		{2B5C4DDD-F813-4E8E-93B2-DC4E9733CBE9}.Release|x64.ActiveCfg = Release|Any CPU
		{2B5C4DDD-F813-4E8E-93B2-DC4E9733CBE9}.Release|x64.Build.0 = Release|Any CPU
		{2B5C4DDD-F813-4E8E-93B2-DC4E9733CBE9}.Release|x86.ActiveCfg = Release|Any CPU
		{2B5C4DDD-F813-4E8E-93B2-DC4E9733CBE9}.Release|x86.Build.0 = Release|Any CPU
		{12CA687E-F930-4AAE-807C-10DA4565D8A8}.Debug|Any CPU.ActiveCfg = Debug|Any CPU
		{12CA687E-F930-4AAE-807C-10DA4565D8A8}.Debug|Any CPU.Build.0 = Debug|Any CPU
		{12CA687E-F930-4AAE-807C-10DA4565D8A8}.Debug|x64.ActiveCfg = Debug|Any CPU
		{12CA687E-F930-4AAE-807C-10DA4565D8A8}.Debug|x64.Build.0 = Debug|Any CPU
		{12CA687E-F930-4AAE-807C-10DA4565D8A8}.Debug|x86.ActiveCfg = Debug|Any CPU
		{12CA687E-F930-4AAE-807C-10DA4565D8A8}.Debug|x86.Build.0 = Debug|Any CPU
		{12CA687E-F930-4AAE-807C-10DA4565D8A8}.Release|Any CPU.ActiveCfg = Release|Any CPU
		{12CA687E-F930-4AAE-807C-10DA4565D8A8}.Release|Any CPU.Build.0 = Release|Any CPU
		{12CA687E-F930-4AAE-807C-10DA4565D8A8}.Release|x64.ActiveCfg = Release|Any CPU
		{12CA687E-F930-4AAE-807C-10DA4565D8A8}.Release|x64.Build.0 = Release|Any CPU
		{12CA687E-F930-4AAE-807C-10DA4565D8A8}.Release|x86.ActiveCfg = Release|Any CPU
		{12CA687E-F930-4AAE-807C-10DA4565D8A8}.Release|x86.Build.0 = Release|Any CPU
		{15F883A3-8312-4B6F-A8F1-FE580A21882B}.Debug|Any CPU.ActiveCfg = Debug|Any CPU
		{15F883A3-8312-4B6F-A8F1-FE580A21882B}.Debug|Any CPU.Build.0 = Debug|Any CPU
		{15F883A3-8312-4B6F-A8F1-FE580A21882B}.Debug|x64.ActiveCfg = Debug|Any CPU
		{15F883A3-8312-4B6F-A8F1-FE580A21882B}.Debug|x64.Build.0 = Debug|Any CPU
		{15F883A3-8312-4B6F-A8F1-FE580A21882B}.Debug|x86.ActiveCfg = Debug|Any CPU
		{15F883A3-8312-4B6F-A8F1-FE580A21882B}.Debug|x86.Build.0 = Debug|Any CPU
		{15F883A3-8312-4B6F-A8F1-FE580A21882B}.Release|Any CPU.ActiveCfg = Release|Any CPU
		{15F883A3-8312-4B6F-A8F1-FE580A21882B}.Release|Any CPU.Build.0 = Release|Any CPU
		{15F883A3-8312-4B6F-A8F1-FE580A21882B}.Release|x64.ActiveCfg = Release|Any CPU
		{15F883A3-8312-4B6F-A8F1-FE580A21882B}.Release|x64.Build.0 = Release|Any CPU
		{15F883A3-8312-4B6F-A8F1-FE580A21882B}.Release|x86.ActiveCfg = Release|Any CPU
		{15F883A3-8312-4B6F-A8F1-FE580A21882B}.Release|x86.Build.0 = Release|Any CPU
		{DEB43F1F-D1B2-4D73-9FA6-E2599F935FA4}.Debug|Any CPU.ActiveCfg = Debug|Any CPU
		{DEB43F1F-D1B2-4D73-9FA6-E2599F935FA4}.Debug|Any CPU.Build.0 = Debug|Any CPU
		{DEB43F1F-D1B2-4D73-9FA6-E2599F935FA4}.Debug|x64.ActiveCfg = Debug|Any CPU
		{DEB43F1F-D1B2-4D73-9FA6-E2599F935FA4}.Debug|x64.Build.0 = Debug|Any CPU
		{DEB43F1F-D1B2-4D73-9FA6-E2599F935FA4}.Debug|x86.ActiveCfg = Debug|Any CPU
		{DEB43F1F-D1B2-4D73-9FA6-E2599F935FA4}.Debug|x86.Build.0 = Debug|Any CPU
		{DEB43F1F-D1B2-4D73-9FA6-E2599F935FA4}.Release|Any CPU.ActiveCfg = Release|Any CPU
		{DEB43F1F-D1B2-4D73-9FA6-E2599F935FA4}.Release|Any CPU.Build.0 = Release|Any CPU
		{DEB43F1F-D1B2-4D73-9FA6-E2599F935FA4}.Release|x64.ActiveCfg = Release|Any CPU
		{DEB43F1F-D1B2-4D73-9FA6-E2599F935FA4}.Release|x64.Build.0 = Release|Any CPU
		{DEB43F1F-D1B2-4D73-9FA6-E2599F935FA4}.Release|x86.ActiveCfg = Release|Any CPU
		{DEB43F1F-D1B2-4D73-9FA6-E2599F935FA4}.Release|x86.Build.0 = Release|Any CPU
		{38C1F87E-8FB4-4400-ABE6-49FCFB8ADBF8}.Debug|Any CPU.ActiveCfg = Debug|Any CPU
		{38C1F87E-8FB4-4400-ABE6-49FCFB8ADBF8}.Debug|Any CPU.Build.0 = Debug|Any CPU
		{38C1F87E-8FB4-4400-ABE6-49FCFB8ADBF8}.Debug|x64.ActiveCfg = Debug|Any CPU
		{38C1F87E-8FB4-4400-ABE6-49FCFB8ADBF8}.Debug|x64.Build.0 = Debug|Any CPU
		{38C1F87E-8FB4-4400-ABE6-49FCFB8ADBF8}.Debug|x86.ActiveCfg = Debug|Any CPU
		{38C1F87E-8FB4-4400-ABE6-49FCFB8ADBF8}.Debug|x86.Build.0 = Debug|Any CPU
		{38C1F87E-8FB4-4400-ABE6-49FCFB8ADBF8}.Release|Any CPU.ActiveCfg = Release|Any CPU
		{38C1F87E-8FB4-4400-ABE6-49FCFB8ADBF8}.Release|Any CPU.Build.0 = Release|Any CPU
		{38C1F87E-8FB4-4400-ABE6-49FCFB8ADBF8}.Release|x64.ActiveCfg = Release|Any CPU
		{38C1F87E-8FB4-4400-ABE6-49FCFB8ADBF8}.Release|x64.Build.0 = Release|Any CPU
		{38C1F87E-8FB4-4400-ABE6-49FCFB8ADBF8}.Release|x86.ActiveCfg = Release|Any CPU
		{38C1F87E-8FB4-4400-ABE6-49FCFB8ADBF8}.Release|x86.Build.0 = Release|Any CPU
		{E9AF6CFE-E0CB-4ED5-9610-FB20C63EAF53}.Debug|Any CPU.ActiveCfg = Debug|Any CPU
		{E9AF6CFE-E0CB-4ED5-9610-FB20C63EAF53}.Debug|Any CPU.Build.0 = Debug|Any CPU
		{E9AF6CFE-E0CB-4ED5-9610-FB20C63EAF53}.Debug|x64.ActiveCfg = Debug|Any CPU
		{E9AF6CFE-E0CB-4ED5-9610-FB20C63EAF53}.Debug|x64.Build.0 = Debug|Any CPU
		{E9AF6CFE-E0CB-4ED5-9610-FB20C63EAF53}.Debug|x86.ActiveCfg = Debug|Any CPU
		{E9AF6CFE-E0CB-4ED5-9610-FB20C63EAF53}.Debug|x86.Build.0 = Debug|Any CPU
		{E9AF6CFE-E0CB-4ED5-9610-FB20C63EAF53}.Release|Any CPU.ActiveCfg = Release|Any CPU
		{E9AF6CFE-E0CB-4ED5-9610-FB20C63EAF53}.Release|Any CPU.Build.0 = Release|Any CPU
		{E9AF6CFE-E0CB-4ED5-9610-FB20C63EAF53}.Release|x64.ActiveCfg = Release|Any CPU
		{E9AF6CFE-E0CB-4ED5-9610-FB20C63EAF53}.Release|x64.Build.0 = Release|Any CPU
		{E9AF6CFE-E0CB-4ED5-9610-FB20C63EAF53}.Release|x86.ActiveCfg = Release|Any CPU
		{E9AF6CFE-E0CB-4ED5-9610-FB20C63EAF53}.Release|x86.Build.0 = Release|Any CPU
		{D1D9815E-B6C7-4F8D-B6B9-3D425D697F33}.Debug|Any CPU.ActiveCfg = Debug|Any CPU
		{D1D9815E-B6C7-4F8D-B6B9-3D425D697F33}.Debug|Any CPU.Build.0 = Debug|Any CPU
		{D1D9815E-B6C7-4F8D-B6B9-3D425D697F33}.Debug|x64.ActiveCfg = Debug|Any CPU
		{D1D9815E-B6C7-4F8D-B6B9-3D425D697F33}.Debug|x64.Build.0 = Debug|Any CPU
		{D1D9815E-B6C7-4F8D-B6B9-3D425D697F33}.Debug|x86.ActiveCfg = Debug|Any CPU
		{D1D9815E-B6C7-4F8D-B6B9-3D425D697F33}.Debug|x86.Build.0 = Debug|Any CPU
		{D1D9815E-B6C7-4F8D-B6B9-3D425D697F33}.Release|Any CPU.ActiveCfg = Release|Any CPU
		{D1D9815E-B6C7-4F8D-B6B9-3D425D697F33}.Release|Any CPU.Build.0 = Release|Any CPU
		{D1D9815E-B6C7-4F8D-B6B9-3D425D697F33}.Release|x64.ActiveCfg = Release|Any CPU
		{D1D9815E-B6C7-4F8D-B6B9-3D425D697F33}.Release|x64.Build.0 = Release|Any CPU
		{D1D9815E-B6C7-4F8D-B6B9-3D425D697F33}.Release|x86.ActiveCfg = Release|Any CPU
		{D1D9815E-B6C7-4F8D-B6B9-3D425D697F33}.Release|x86.Build.0 = Release|Any CPU
		{142CFE01-603D-4137-A08D-2FCF605E3E06}.Debug|Any CPU.ActiveCfg = Debug|Any CPU
		{142CFE01-603D-4137-A08D-2FCF605E3E06}.Debug|Any CPU.Build.0 = Debug|Any CPU
		{142CFE01-603D-4137-A08D-2FCF605E3E06}.Debug|x64.ActiveCfg = Debug|Any CPU
		{142CFE01-603D-4137-A08D-2FCF605E3E06}.Debug|x64.Build.0 = Debug|Any CPU
		{142CFE01-603D-4137-A08D-2FCF605E3E06}.Debug|x86.ActiveCfg = Debug|Any CPU
		{142CFE01-603D-4137-A08D-2FCF605E3E06}.Debug|x86.Build.0 = Debug|Any CPU
		{142CFE01-603D-4137-A08D-2FCF605E3E06}.Release|Any CPU.ActiveCfg = Release|Any CPU
		{142CFE01-603D-4137-A08D-2FCF605E3E06}.Release|Any CPU.Build.0 = Release|Any CPU
		{142CFE01-603D-4137-A08D-2FCF605E3E06}.Release|x64.ActiveCfg = Release|Any CPU
		{142CFE01-603D-4137-A08D-2FCF605E3E06}.Release|x64.Build.0 = Release|Any CPU
		{142CFE01-603D-4137-A08D-2FCF605E3E06}.Release|x86.ActiveCfg = Release|Any CPU
		{142CFE01-603D-4137-A08D-2FCF605E3E06}.Release|x86.Build.0 = Release|Any CPU
		{FCE75C81-E73F-422D-A98A-537F1043503C}.Debug|Any CPU.ActiveCfg = Debug|Any CPU
		{FCE75C81-E73F-422D-A98A-537F1043503C}.Debug|Any CPU.Build.0 = Debug|Any CPU
		{FCE75C81-E73F-422D-A98A-537F1043503C}.Debug|x64.ActiveCfg = Debug|Any CPU
		{FCE75C81-E73F-422D-A98A-537F1043503C}.Debug|x64.Build.0 = Debug|Any CPU
		{FCE75C81-E73F-422D-A98A-537F1043503C}.Debug|x86.ActiveCfg = Debug|Any CPU
		{FCE75C81-E73F-422D-A98A-537F1043503C}.Debug|x86.Build.0 = Debug|Any CPU
		{FCE75C81-E73F-422D-A98A-537F1043503C}.Release|Any CPU.ActiveCfg = Release|Any CPU
		{FCE75C81-E73F-422D-A98A-537F1043503C}.Release|Any CPU.Build.0 = Release|Any CPU
		{FCE75C81-E73F-422D-A98A-537F1043503C}.Release|x64.ActiveCfg = Release|Any CPU
		{FCE75C81-E73F-422D-A98A-537F1043503C}.Release|x64.Build.0 = Release|Any CPU
		{FCE75C81-E73F-422D-A98A-537F1043503C}.Release|x86.ActiveCfg = Release|Any CPU
		{FCE75C81-E73F-422D-A98A-537F1043503C}.Release|x86.Build.0 = Release|Any CPU
	EndGlobalSection
	GlobalSection(SolutionProperties) = preSolution
		HideSolutionNode = FALSE
	EndGlobalSection
EndGlobal
